Microsoft Visual Studio Solution File, Format Version 12.00
# Visual Studio Version 17
VisualStudioVersion = 17.5.2.0
MinimumVisualStudioVersion = 10.0.40219.1
Project("{FAE04EC0-301F-11D3-BF4B-00C04F79EFBC}") = "13-Coin_Flip_Challenge", "13-Coin_Flip_Challenge.csproj", "{9FF4D1F1-5E3F-32DB-3C15-D49C4870FDD1}"
EndProject
Global
	GlobalSection(SolutionConfigurationPlatforms) = preSolution
		Debug|Any CPU = Debug|Any CPU
		Release|Any CPU = Release|Any CPU
	EndGlobalSection
	GlobalSection(ProjectConfigurationPlatforms) = postSolution
		{9FF4D1F1-5E3F-32DB-3C15-D49C4870FDD1}.Debug|Any CPU.ActiveCfg = Debug|Any CPU
		{9FF4D1F1-5E3F-32DB-3C15-D49C4870FDD1}.Debug|Any CPU.Build.0 = Debug|Any CPU
		{9FF4D1F1-5E3F-32DB-3C15-D49C4870FDD1}.Release|Any CPU.ActiveCfg = Release|Any CPU
		{9FF4D1F1-5E3F-32DB-3C15-D49C4870FDD1}.Release|Any CPU.Build.0 = Release|Any CPU
	EndGlobalSection
	GlobalSection(SolutionProperties) = preSolution
		HideSolutionNode = FALSE
	EndGlobalSection
	GlobalSection(ExtensibilityGlobals) = postSolution
		SolutionGuid = {9B630ECE-0D74-4192-89D2-B0349AF539C1}
	EndGlobalSection
EndGlobal
